{
  "version": 4,
  "terraform_version": "1.6.6",
  "serial": 3,
  "lineage": "fa3093ba-93c5-0637-91b3-df83698d2723",
  "outputs": {},
  "resources": [
    {
      "mode": "managed",
      "type": "azurerm_bastion_host",
      "name": "host_example",
      "provider": "provider[\"registry.terraform.io/hashicorp/azurerm\"]",
      "instances": [
        {
          "index_key": "host01",
          "schema_version": 0,
          "attributes": {
            "copy_paste_enabled": true,
            "dns_name": "bst-e583cf78-c9aa-4914-9ac0-a923204d7277.bastion.azure.com",
            "file_copy_enabled": false,
            "id": "/subscriptions/b568a64a-3e45-4dc2-b7ec-21b6cbbdce9f/resourceGroups/rg_group1/providers/Microsoft.Network/bastionHosts/bastion_host01",
            "ip_configuration": [
              {
                "name": "configip",
                "public_ip_address_id": "/subscriptions/b568a64a-3e45-4dc2-b7ec-21b6cbbdce9f/resourceGroups/rg_group1/providers/Microsoft.Network/publicIPAddresses/publicip_01",
                "subnet_id": "/subscriptions/b568a64a-3e45-4dc2-b7ec-21b6cbbdce9f/resourceGroups/rg_group1/providers/Microsoft.Network/virtualNetworks/vnet_01-network/subnets/AzureBastionSubnet"
              }
            ],
            "ip_connect_enabled": false,
            "location": "westeurope",
            "name": "bastion_host01",
            "resource_group_name": "rg_group1",
            "scale_units": 2,
            "shareable_link_enabled": false,
            "sku": "Basic",
            "tags": null,
            "timeouts": null,
            "tunneling_enabled": false
          },
          "sensitive_attributes": [],
          "private": "eyJlMmJmYjczMC1lY2FhLTExZTYtOGY4OC0zNDM2M2JjN2M0YzAiOnsiY3JlYXRlIjoxODAwMDAwMDAwMDAwLCJkZWxldGUiOjE4MDAwMDAwMDAwMDAsInJlYWQiOjMwMDAwMDAwMDAwMCwidXBkYXRlIjoxODAwMDAwMDAwMDAwfX0="
        }
      ]
    }
  ],
  "check_results": null
}
