{
  "version": 4,
  "terraform_version": "1.6.6",
  "serial": 25,
  "lineage": "1c3108dc-1438-91a1-4b05-a1369286a34b",
  "outputs": {
    "nicid": {
      "value": [
        "/subscriptions/b568a64a-3e45-4dc2-b7ec-21b6cbbdce9f/resourceGroups/rg_group1/providers/Microsoft.Network/networkInterfaces/frontvmnic01",
        "/subscriptions/b568a64a-3e45-4dc2-b7ec-21b6cbbdce9f/resourceGroups/rg_group1/providers/Microsoft.Network/networkInterfaces/backendvmnic01",
        "/subscriptions/b568a64a-3e45-4dc2-b7ec-21b6cbbdce9f/resourceGroups/rg_group1/providers/Microsoft.Network/networkInterfaces/frontvmnic03"
      ],
      "type": [
        "tuple",
        [
          "string",
          "string",
          "string"
        ]
      ]
    }
  },
  "resources": [
    {
      "mode": "managed",
      "type": "azurerm_network_interface",
      "name": "example",
      "provider": "provider[\"registry.terraform.io/hashicorp/azurerm\"]",
      "instances": [
        {
          "index_key": "niccard1",
          "schema_version": 0,
          "attributes": {
            "applied_dns_servers": [],
            "auxiliary_mode": "",
            "auxiliary_sku": "",
            "dns_servers": [],
            "edge_zone": "",
            "enable_accelerated_networking": false,
            "enable_ip_forwarding": false,
            "id": "/subscriptions/b568a64a-3e45-4dc2-b7ec-21b6cbbdce9f/resourceGroups/rg_group1/providers/Microsoft.Network/networkInterfaces/frontvmnic01",
            "internal_dns_name_label": "",
            "internal_domain_name_suffix": "d5im3fs1utvuflh5a2tpasjwmc.ax.internal.cloudapp.net",
            "ip_configuration": [
              {
                "gateway_load_balancer_frontend_ip_configuration_id": "",
                "name": "internal",
                "primary": true,
                "private_ip_address": "10.2.1.4",
                "private_ip_address_allocation": "Dynamic",
                "private_ip_address_version": "IPv4",
                "public_ip_address_id": "",
                "subnet_id": "/subscriptions/b568a64a-3e45-4dc2-b7ec-21b6cbbdce9f/resourceGroups/rg_group1/providers/Microsoft.Network/virtualNetworks/vnet_01-network/subnets/frontend01"
              }
            ],
            "location": "westeurope",
            "mac_address": "60-45-BD-89-84-5E",
            "name": "frontvmnic01",
            "private_ip_address": "10.2.1.4",
            "private_ip_addresses": [
              "10.2.1.4"
            ],
            "resource_group_name": "rg_group1",
            "tags": {},
            "timeouts": null,
            "virtual_machine_id": "/subscriptions/b568a64a-3e45-4dc2-b7ec-21b6cbbdce9f/resourceGroups/rg_group1/providers/Microsoft.Compute/virtualMachines/frontendvm0102"
          },
          "sensitive_attributes": [],
          "private": "eyJlMmJmYjczMC1lY2FhLTExZTYtOGY4OC0zNDM2M2JjN2M0YzAiOnsiY3JlYXRlIjoxODAwMDAwMDAwMDAwLCJkZWxldGUiOjE4MDAwMDAwMDAwMDAsInJlYWQiOjMwMDAwMDAwMDAwMCwidXBkYXRlIjoxODAwMDAwMDAwMDAwfX0="
        },
        {
          "index_key": "niccard2",
          "schema_version": 0,
          "attributes": {
            "applied_dns_servers": [],
            "auxiliary_mode": "",
            "auxiliary_sku": "",
            "dns_servers": [],
            "edge_zone": "",
            "enable_accelerated_networking": false,
            "enable_ip_forwarding": false,
            "id": "/subscriptions/b568a64a-3e45-4dc2-b7ec-21b6cbbdce9f/resourceGroups/rg_group1/providers/Microsoft.Network/networkInterfaces/backendvmnic01",
            "internal_dns_name_label": "",
            "internal_domain_name_suffix": "d5im3fs1utvuflh5a2tpasjwmc.ax.internal.cloudapp.net",
            "ip_configuration": [
              {
                "gateway_load_balancer_frontend_ip_configuration_id": "",
                "name": "internal",
                "primary": true,
                "private_ip_address": "10.2.2.4",
                "private_ip_address_allocation": "Dynamic",
                "private_ip_address_version": "IPv4",
                "public_ip_address_id": "",
                "subnet_id": "/subscriptions/b568a64a-3e45-4dc2-b7ec-21b6cbbdce9f/resourceGroups/rg_group1/providers/Microsoft.Network/virtualNetworks/vnet_01-network/subnets/backend01"
              }
            ],
            "location": "westeurope",
            "mac_address": "60-45-BD-8C-CB-F8",
            "name": "backendvmnic01",
            "private_ip_address": "10.2.2.4",
            "private_ip_addresses": [
              "10.2.2.4"
            ],
            "resource_group_name": "rg_group1",
            "tags": {},
            "timeouts": null,
            "virtual_machine_id": "/subscriptions/b568a64a-3e45-4dc2-b7ec-21b6cbbdce9f/resourceGroups/rg_group1/providers/Microsoft.Compute/virtualMachines/backendvm0102"
          },
          "sensitive_attributes": [],
          "private": "eyJlMmJmYjczMC1lY2FhLTExZTYtOGY4OC0zNDM2M2JjN2M0YzAiOnsiY3JlYXRlIjoxODAwMDAwMDAwMDAwLCJkZWxldGUiOjE4MDAwMDAwMDAwMDAsInJlYWQiOjMwMDAwMDAwMDAwMCwidXBkYXRlIjoxODAwMDAwMDAwMDAwfX0="
        },
        {
          "index_key": "niccard3",
          "schema_version": 0,
          "attributes": {
            "applied_dns_servers": [],
            "auxiliary_mode": "",
            "auxiliary_sku": "",
            "dns_servers": [],
            "edge_zone": "",
            "enable_accelerated_networking": false,
            "enable_ip_forwarding": false,
            "id": "/subscriptions/b568a64a-3e45-4dc2-b7ec-21b6cbbdce9f/resourceGroups/rg_group1/providers/Microsoft.Network/networkInterfaces/frontvmnic03",
            "internal_dns_name_label": "",
            "internal_domain_name_suffix": "d5im3fs1utvuflh5a2tpasjwmc.ax.internal.cloudapp.net",
            "ip_configuration": [
              {
                "gateway_load_balancer_frontend_ip_configuration_id": "",
                "name": "internal",
                "primary": true,
                "private_ip_address": "10.2.1.5",
                "private_ip_address_allocation": "Dynamic",
                "private_ip_address_version": "IPv4",
                "public_ip_address_id": "",
                "subnet_id": "/subscriptions/b568a64a-3e45-4dc2-b7ec-21b6cbbdce9f/resourceGroups/rg_group1/providers/Microsoft.Network/virtualNetworks/vnet_01-network/subnets/frontend01"
              }
            ],
            "location": "westeurope",
            "mac_address": "00-0D-3A-BE-56-FD",
            "name": "frontvmnic03",
            "private_ip_address": "10.2.1.5",
            "private_ip_addresses": [
              "10.2.1.5"
            ],
            "resource_group_name": "rg_group1",
            "tags": {},
            "timeouts": null,
            "virtual_machine_id": "/subscriptions/b568a64a-3e45-4dc2-b7ec-21b6cbbdce9f/resourceGroups/rg_group1/providers/Microsoft.Compute/virtualMachines/frontendvm0103"
          },
          "sensitive_attributes": [],
          "private": "eyJlMmJmYjczMC1lY2FhLTExZTYtOGY4OC0zNDM2M2JjN2M0YzAiOnsiY3JlYXRlIjoxODAwMDAwMDAwMDAwLCJkZWxldGUiOjE4MDAwMDAwMDAwMDAsInJlYWQiOjMwMDAwMDAwMDAwMCwidXBkYXRlIjoxODAwMDAwMDAwMDAwfX0="
        }
      ]
    }
  ],
  "check_results": null
}
