{
  "version": 4,
  "terraform_version": "1.6.6",
  "serial": 11,
  "lineage": "0ea4b97c-2629-5abb-386b-8360cb274407",
  "outputs": {},
  "resources": [
    {
      "mode": "managed",
      "type": "azurerm_lb",
      "name": "lb_example",
      "provider": "provider[\"registry.terraform.io/hashicorp/azurerm\"]",
      "instances": [
        {
          "schema_version": 0,
          "attributes": {
            "edge_zone": "",
            "frontend_ip_configuration": [
              {
                "gateway_load_balancer_frontend_ip_configuration_id": "",
                "id": "/subscriptions/b568a64a-3e45-4dc2-b7ec-21b6cbbdce9f/resourceGroups/rg_group1/providers/Microsoft.Network/loadBalancers/frontend01/frontendIPConfigurations/PublicIPAddress",
                "inbound_nat_rules": [],
                "load_balancer_rules": [
                  "/subscriptions/b568a64a-3e45-4dc2-b7ec-21b6cbbdce9f/resourceGroups/rg_group1/providers/Microsoft.Network/loadBalancers/frontend01/loadBalancingRules/LBRule"
                ],
                "name": "PublicIPAddress",
                "outbound_rules": [],
                "private_ip_address": "",
                "private_ip_address_allocation": "Dynamic",
                "private_ip_address_version": "",
                "public_ip_address_id": "/subscriptions/b568a64a-3e45-4dc2-b7ec-21b6cbbdce9f/resourceGroups/rg_group1/providers/Microsoft.Network/publicIPAddresses/PublicIPForLB",
                "public_ip_prefix_id": "",
                "subnet_id": "",
                "zones": []
              }
            ],
            "id": "/subscriptions/b568a64a-3e45-4dc2-b7ec-21b6cbbdce9f/resourceGroups/rg_group1/providers/Microsoft.Network/loadBalancers/frontend01",
            "location": "westeurope",
            "name": "frontend01",
            "private_ip_address": "",
            "private_ip_addresses": [],
            "resource_group_name": "rg_group1",
            "sku": "Basic",
            "sku_tier": "Regional",
            "tags": {},
            "timeouts": null
          },
          "sensitive_attributes": [],
          "private": "eyJlMmJmYjczMC1lY2FhLTExZTYtOGY4OC0zNDM2M2JjN2M0YzAiOnsiY3JlYXRlIjoxODAwMDAwMDAwMDAwLCJkZWxldGUiOjE4MDAwMDAwMDAwMDAsInJlYWQiOjMwMDAwMDAwMDAwMCwidXBkYXRlIjoxODAwMDAwMDAwMDAwfX0=",
          "dependencies": [
            "azurerm_public_ip.ip_example"
          ]
        }
      ]
    },
    {
      "mode": "managed",
      "type": "azurerm_lb_backend_address_pool",
      "name": "pool_example",
      "provider": "provider[\"registry.terraform.io/hashicorp/azurerm\"]",
      "instances": [
        {
          "schema_version": 0,
          "attributes": {
            "backend_ip_configurations": [],
            "id": "/subscriptions/b568a64a-3e45-4dc2-b7ec-21b6cbbdce9f/resourceGroups/rg_group1/providers/Microsoft.Network/loadBalancers/frontend01/backendAddressPools/BackEndAddressPool",
            "inbound_nat_rules": [],
            "load_balancing_rules": [],
            "loadbalancer_id": "/subscriptions/b568a64a-3e45-4dc2-b7ec-21b6cbbdce9f/resourceGroups/rg_group1/providers/Microsoft.Network/loadBalancers/frontend01",
            "name": "BackEndAddressPool",
            "outbound_rules": [],
            "timeouts": null,
            "tunnel_interface": [],
            "virtual_network_id": ""
          },
          "sensitive_attributes": [],
          "private": "eyJlMmJmYjczMC1lY2FhLTExZTYtOGY4OC0zNDM2M2JjN2M0YzAiOnsiY3JlYXRlIjoxODAwMDAwMDAwMDAwLCJkZWxldGUiOjE4MDAwMDAwMDAwMDAsInJlYWQiOjMwMDAwMDAwMDAwMCwidXBkYXRlIjoxODAwMDAwMDAwMDAwfX0=",
          "dependencies": [
            "azurerm_lb.lb_example",
            "azurerm_public_ip.ip_example"
          ]
        }
      ]
    },
    {
      "mode": "managed",
      "type": "azurerm_lb_probe",
      "name": "probe_example",
      "provider": "provider[\"registry.terraform.io/hashicorp/azurerm\"]",
      "instances": [
        {
          "schema_version": 0,
          "attributes": {
            "id": "/subscriptions/b568a64a-3e45-4dc2-b7ec-21b6cbbdce9f/resourceGroups/rg_group1/providers/Microsoft.Network/loadBalancers/frontend01/probes/ssh-running-probe",
            "interval_in_seconds": 15,
            "load_balancer_rules": [],
            "loadbalancer_id": "/subscriptions/b568a64a-3e45-4dc2-b7ec-21b6cbbdce9f/resourceGroups/rg_group1/providers/Microsoft.Network/loadBalancers/frontend01",
            "name": "ssh-running-probe",
            "number_of_probes": 2,
            "port": 22,
            "probe_threshold": 1,
            "protocol": "Tcp",
            "request_path": "",
            "timeouts": null
          },
          "sensitive_attributes": [],
          "private": "eyJlMmJmYjczMC1lY2FhLTExZTYtOGY4OC0zNDM2M2JjN2M0YzAiOnsiY3JlYXRlIjoxODAwMDAwMDAwMDAwLCJkZWxldGUiOjE4MDAwMDAwMDAwMDAsInJlYWQiOjMwMDAwMDAwMDAwMCwidXBkYXRlIjoxODAwMDAwMDAwMDAwfX0=",
          "dependencies": [
            "azurerm_lb.lb_example",
            "azurerm_public_ip.ip_example"
          ]
        }
      ]
    },
    {
      "mode": "managed",
      "type": "azurerm_lb_rule",
      "name": "rule_example",
      "provider": "provider[\"registry.terraform.io/hashicorp/azurerm\"]",
      "instances": [
        {
          "schema_version": 0,
          "attributes": {
            "backend_address_pool_ids": [
              "/subscriptions/b568a64a-3e45-4dc2-b7ec-21b6cbbdce9f/resourceGroups/rg_group1/providers/Microsoft.Network/loadBalancers/frontend01/backendAddressPools/BackEndAddressPool"
            ],
            "backend_port": 80,
            "disable_outbound_snat": false,
            "enable_floating_ip": false,
            "enable_tcp_reset": false,
            "frontend_ip_configuration_id": "/subscriptions/b568a64a-3e45-4dc2-b7ec-21b6cbbdce9f/resourceGroups/rg_group1/providers/Microsoft.Network/loadBalancers/frontend01/frontendIPConfigurations/PublicIPAddress",
            "frontend_ip_configuration_name": "PublicIPAddress",
            "frontend_port": 80,
            "id": "/subscriptions/b568a64a-3e45-4dc2-b7ec-21b6cbbdce9f/resourceGroups/rg_group1/providers/Microsoft.Network/loadBalancers/frontend01/loadBalancingRules/LBRule",
            "idle_timeout_in_minutes": 4,
            "load_distribution": "Default",
            "loadbalancer_id": "/subscriptions/b568a64a-3e45-4dc2-b7ec-21b6cbbdce9f/resourceGroups/rg_group1/providers/Microsoft.Network/loadBalancers/frontend01",
            "name": "LBRule",
            "probe_id": "/subscriptions/b568a64a-3e45-4dc2-b7ec-21b6cbbdce9f/resourceGroups/rg_group1/providers/Microsoft.Network/loadBalancers/frontend01/probes/ssh-running-probe",
            "protocol": "Tcp",
            "timeouts": null
          },
          "sensitive_attributes": [],
          "private": "eyJlMmJmYjczMC1lY2FhLTExZTYtOGY4OC0zNDM2M2JjN2M0YzAiOnsiY3JlYXRlIjoxODAwMDAwMDAwMDAwLCJkZWxldGUiOjE4MDAwMDAwMDAwMDAsInJlYWQiOjMwMDAwMDAwMDAwMCwidXBkYXRlIjoxODAwMDAwMDAwMDAwfX0=",
          "dependencies": [
            "azurerm_lb.lb_example",
            "azurerm_lb_backend_address_pool.pool_example",
            "azurerm_lb_probe.probe_example",
            "azurerm_public_ip.ip_example"
          ]
        }
      ]
    },
    {
      "mode": "managed",
      "type": "azurerm_public_ip",
      "name": "ip_example",
      "provider": "provider[\"registry.terraform.io/hashicorp/azurerm\"]",
      "instances": [
        {
          "schema_version": 0,
          "attributes": {
            "allocation_method": "Static",
            "ddos_protection_mode": "VirtualNetworkInherited",
            "ddos_protection_plan_id": null,
            "domain_name_label": null,
            "edge_zone": "",
            "fqdn": null,
            "id": "/subscriptions/b568a64a-3e45-4dc2-b7ec-21b6cbbdce9f/resourceGroups/rg_group1/providers/Microsoft.Network/publicIPAddresses/PublicIPForLB",
            "idle_timeout_in_minutes": 4,
            "ip_address": "51.137.35.72",
            "ip_tags": {},
            "ip_version": "IPv4",
            "location": "westeurope",
            "name": "PublicIPForLB",
            "public_ip_prefix_id": null,
            "resource_group_name": "rg_group1",
            "reverse_fqdn": null,
            "sku": "Basic",
            "sku_tier": "Regional",
            "tags": {},
            "timeouts": null,
            "zones": []
          },
          "sensitive_attributes": [],
          "private": "eyJlMmJmYjczMC1lY2FhLTExZTYtOGY4OC0zNDM2M2JjN2M0YzAiOnsiY3JlYXRlIjoxODAwMDAwMDAwMDAwLCJkZWxldGUiOjE4MDAwMDAwMDAwMDAsInJlYWQiOjMwMDAwMDAwMDAwMCwidXBkYXRlIjoxODAwMDAwMDAwMDAwfX0="
        }
      ]
    }
  ],
  "check_results": null
}
