{
  "version": 4,
  "terraform_version": "1.6.6",
  "serial": 9,
  "lineage": "284f44be-b380-0387-f6c2-68b036540234",
  "outputs": {
    "securityid": {
      "value": [
        "/subscriptions/b568a64a-3e45-4dc2-b7ec-21b6cbbdce9f/resourceGroups/rg_group1/providers/Microsoft.Network/networkSecurityGroups/security_01"
      ],
      "type": [
        "tuple",
        [
          "string"
        ]
      ]
    }
  },
  "resources": [
    {
      "mode": "managed",
      "type": "azurerm_network_security_group",
      "name": "security_example",
      "provider": "provider[\"registry.terraform.io/hashicorp/azurerm\"]",
      "instances": [
        {
          "index_key": "security1",
          "schema_version": 0,
          "attributes": {
            "id": "/subscriptions/b568a64a-3e45-4dc2-b7ec-21b6cbbdce9f/resourceGroups/rg_group1/providers/Microsoft.Network/networkSecurityGroups/security_01",
            "location": "westeurope",
            "name": "security_01",
            "resource_group_name": "rg_group1",
            "security_rule": [
              {
                "access": "Allow",
                "description": "",
                "destination_address_prefix": "*",
                "destination_address_prefixes": [],
                "destination_application_security_group_ids": [],
                "destination_port_range": "22",
                "destination_port_ranges": [],
                "direction": "Inbound",
                "name": "test123",
                "priority": 100,
                "protocol": "Tcp",
                "source_address_prefix": "*",
                "source_address_prefixes": [],
                "source_application_security_group_ids": [],
                "source_port_range": "*",
                "source_port_ranges": []
              }
            ],
            "tags": {},
            "timeouts": null
          },
          "sensitive_attributes": [],
          "private": "eyJlMmJmYjczMC1lY2FhLTExZTYtOGY4OC0zNDM2M2JjN2M0YzAiOnsiY3JlYXRlIjoxODAwMDAwMDAwMDAwLCJkZWxldGUiOjE4MDAwMDAwMDAwMDAsInJlYWQiOjMwMDAwMDAwMDAwMCwidXBkYXRlIjoxODAwMDAwMDAwMDAwfX0="
        }
      ]
    }
  ],
  "check_results": null
}
