{
  "version": 4,
  "terraform_version": "1.6.6",
  "serial": 15,
  "lineage": "507fa4ea-3b88-c0ce-f98d-e68d0ad3481c",
  "outputs": {},
  "resources": [
    {
      "mode": "managed",
      "type": "azurerm_network_interface_backend_address_pool_association",
      "name": "har_example",
      "provider": "provider[\"registry.terraform.io/hashicorp/azurerm\"]",
      "instances": [
        {
          "schema_version": 0,
          "attributes": {
            "backend_address_pool_id": "/subscriptions/b568a64a-3e45-4dc2-b7ec-21b6cbbdce9f/resourceGroups/rg_group1/providers/Microsoft.Network/loadBalancers/frontend01/backendAddressPools/BackEndAddressPool",
            "id": "/subscriptions/b568a64a-3e45-4dc2-b7ec-21b6cbbdce9f/resourceGroups/rg_group1/providers/Microsoft.Network/networkInterfaces/frontvmnic01/ipConfigurations/internal|/subscriptions/b568a64a-3e45-4dc2-b7ec-21b6cbbdce9f/resourceGroups/rg_group1/providers/Microsoft.Network/loadBalancers/frontend01/backendAddressPools/BackEndAddressPool",
            "ip_configuration_name": "internal",
            "network_interface_id": "/subscriptions/b568a64a-3e45-4dc2-b7ec-21b6cbbdce9f/resourceGroups/rg_group1/providers/Microsoft.Network/networkInterfaces/frontvmnic01",
            "timeouts": null
          },
          "sensitive_attributes": [],
          "private": "eyJlMmJmYjczMC1lY2FhLTExZTYtOGY4OC0zNDM2M2JjN2M0YzAiOnsiY3JlYXRlIjoxODAwMDAwMDAwMDAwLCJkZWxldGUiOjE4MDAwMDAwMDAwMDAsInJlYWQiOjMwMDAwMDAwMDAwMH19"
        }
      ]
    }
  ],
  "check_results": null
}
